// !$*UTF8*$!
{
	archiveVersion = 1;
	classes = {
	};
	objectVersion = 50;
	objects = {

/* Begin PBXBuildFile section */
		571E1004224C601100C3B518 /* File.swift in Sources */ = {isa = PBXBuildFile; fileRef = 571E1003224C601100C3B518 /* File.swift */; };
		571E1006224C62CE00C3B518 /* monkey.png in Resources */ = {isa = PBXBuildFile; fileRef = 571E1005224C62CE00C3B518 /* monkey.png */; };
		571E1008224C635E00C3B518 /* monkeyflip.png in Resources */ = {isa = PBXBuildFile; fileRef = 571E1007224C635E00C3B518 /* monkeyflip.png */; };
		57904CA1224C5E32007726A0 /* Monkey.sks in Resources */ = {isa = PBXBuildFile; fileRef = 57904CA0224C5E32007726A0 /* Monkey.sks */; };
		5B023C2D00A83B7F2F3A7BF5 /* Pods_ClickerMonkey3.framework in Frameworks */ = {isa = PBXBuildFile; fileRef = D14217A9149FDAA299DA5C1B /* Pods_ClickerMonkey3.framework */; };
		ED18061C22517DCB003E34A1 /* GoogleService-Info.plist in Resources */ = {isa = PBXBuildFile; fileRef = ED18061B22517DCB003E34A1 /* GoogleService-Info.plist */; };
		EDA083B82243283D0000D3F5 /* AppDelegate.swift in Sources */ = {isa = PBXBuildFile; fileRef = EDA083B72243283D0000D3F5 /* AppDelegate.swift */; };
		EDA083BA2243283D0000D3F5 /* ViewController.swift in Sources */ = {isa = PBXBuildFile; fileRef = EDA083B92243283D0000D3F5 /* ViewController.swift */; };
		EDA083BD2243283D0000D3F5 /* Main.storyboard in Resources */ = {isa = PBXBuildFile; fileRef = EDA083BB2243283D0000D3F5 /* Main.storyboard */; };
		EDA083BF2243283E0000D3F5 /* Assets.xcassets in Resources */ = {isa = PBXBuildFile; fileRef = EDA083BE2243283E0000D3F5 /* Assets.xcassets */; };
		EDA083C22243283E0000D3F5 /* LaunchScreen.storyboard in Resources */ = {isa = PBXBuildFile; fileRef = EDA083C02243283E0000D3F5 /* LaunchScreen.storyboard */; };
/* End PBXBuildFile section */

/* Begin PBXFileReference section */
		158DF5E73B53EEF0FDBEAC33 /* Pods-ClickerMonkey3.debug.xcconfig */ = {isa = PBXFileReference; includeInIndex = 1; lastKnownFileType = text.xcconfig; name = "Pods-ClickerMonkey3.debug.xcconfig"; path = "Pods/Target Support Files/Pods-ClickerMonkey3/Pods-ClickerMonkey3.debug.xcconfig"; sourceTree = "<group>"; };
		2763824BBC69F6FA6B4E1284 /* Pods-ClickerMonkey3.release.xcconfig */ = {isa = PBXFileReference; includeInIndex = 1; lastKnownFileType = text.xcconfig; name = "Pods-ClickerMonkey3.release.xcconfig"; path = "Pods/Target Support Files/Pods-ClickerMonkey3/Pods-ClickerMonkey3.release.xcconfig"; sourceTree = "<group>"; };
		571E1003224C601100C3B518 /* File.swift */ = {isa = PBXFileReference; lastKnownFileType = sourcecode.swift; path = File.swift; sourceTree = "<group>"; };
		571E1005224C62CE00C3B518 /* monkey.png */ = {isa = PBXFileReference; lastKnownFileType = image.png; name = monkey.png; path = ../../../Desktop/monkey.png; sourceTree = "<group>"; };
		571E1007224C635E00C3B518 /* monkeyflip.png */ = {isa = PBXFileReference; lastKnownFileType = image.png; path = monkeyflip.png; sourceTree = "<group>"; };
		57904CA0224C5E32007726A0 /* Monkey.sks */ = {isa = PBXFileReference; lastKnownFileType = file.sks; path = Monkey.sks; sourceTree = "<group>"; };
		D14217A9149FDAA299DA5C1B /* Pods_ClickerMonkey3.framework */ = {isa = PBXFileReference; explicitFileType = wrapper.framework; includeInIndex = 0; path = Pods_ClickerMonkey3.framework; sourceTree = BUILT_PRODUCTS_DIR; };
		ED18061B22517DCB003E34A1 /* GoogleService-Info.plist */ = {isa = PBXFileReference; fileEncoding = 4; lastKnownFileType = text.plist.xml; path = "GoogleService-Info.plist"; sourceTree = "<group>"; };
		EDA083B42243283D0000D3F5 /* ClickerMonkey3.app */ = {isa = PBXFileReference; explicitFileType = wrapper.application; includeInIndex = 0; path = ClickerMonkey3.app; sourceTree = BUILT_PRODUCTS_DIR; };
		EDA083B72243283D0000D3F5 /* AppDelegate.swift */ = {isa = PBXFileReference; lastKnownFileType = sourcecode.swift; path = AppDelegate.swift; sourceTree = "<group>"; };
		EDA083B92243283D0000D3F5 /* ViewController.swift */ = {isa = PBXFileReference; lastKnownFileType = sourcecode.swift; path = ViewController.swift; sourceTree = "<group>"; };
		EDA083BC2243283D0000D3F5 /* Base */ = {isa = PBXFileReference; lastKnownFileType = file.storyboard; name = Base; path = Base.lproj/Main.storyboard; sourceTree = "<group>"; };
		EDA083BE2243283E0000D3F5 /* Assets.xcassets */ = {isa = PBXFileReference; lastKnownFileType = folder.assetcatalog; path = Assets.xcassets; sourceTree = "<group>"; };
		EDA083C12243283E0000D3F5 /* Base */ = {isa = PBXFileReference; lastKnownFileType = file.storyboard; name = Base; path = Base.lproj/LaunchScreen.storyboard; sourceTree = "<group>"; };
		EDA083C32243283E0000D3F5 /* Info.plist */ = {isa = PBXFileReference; lastKnownFileType = text.plist.xml; path = Info.plist; sourceTree = "<group>"; };
/* End PBXFileReference section */

/* Begin PBXFrameworksBuildPhase section */
		EDA083B12243283D0000D3F5 /* Frameworks */ = {
			isa = PBXFrameworksBuildPhase;
			buildActionMask = 2147483647;
			files = (
				5B023C2D00A83B7F2F3A7BF5 /* Pods_ClickerMonkey3.framework in Frameworks */,
			);
			runOnlyForDeploymentPostprocessing = 0;
		};
/* End PBXFrameworksBuildPhase section */

/* Begin PBXGroup section */
		5A7B7D98405DA30DEC5E79D7 /* Pods */ = {
			isa = PBXGroup;
			children = (
				158DF5E73B53EEF0FDBEAC33 /* Pods-ClickerMonkey3.debug.xcconfig */,
				2763824BBC69F6FA6B4E1284 /* Pods-ClickerMonkey3.release.xcconfig */,
			);
			name = Pods;
			sourceTree = "<group>";
		};
		B10BA492BB48483E0CEF427A /* Frameworks */ = {
			isa = PBXGroup;
			children = (
				D14217A9149FDAA299DA5C1B /* Pods_ClickerMonkey3.framework */,
			);
			name = Frameworks;
			sourceTree = "<group>";
		};
		EDA083AB2243283D0000D3F5 = {
			isa = PBXGroup;
			children = (
				EDA083B62243283D0000D3F5 /* ClickerMonkey3 */,
				EDA083B52243283D0000D3F5 /* Products */,
				ED18061B22517DCB003E34A1 /* GoogleService-Info.plist */,
				5A7B7D98405DA30DEC5E79D7 /* Pods */,
				B10BA492BB48483E0CEF427A /* Frameworks */,
			);
			sourceTree = "<group>";
		};
		EDA083B52243283D0000D3F5 /* Products */ = {
			isa = PBXGroup;
			children = (
				EDA083B42243283D0000D3F5 /* ClickerMonkey3.app */,
			);
			name = Products;
			sourceTree = "<group>";
		};
		EDA083B62243283D0000D3F5 /* ClickerMonkey3 */ = {
			isa = PBXGroup;
			children = (
				EDA083B72243283D0000D3F5 /* AppDelegate.swift */,
				EDA083B92243283D0000D3F5 /* ViewController.swift */,
				57904CA0224C5E32007726A0 /* Monkey.sks */,
				571E1003224C601100C3B518 /* File.swift */,
				571E1007224C635E00C3B518 /* monkeyflip.png */,
				571E1005224C62CE00C3B518 /* monkey.png */,
				EDA083BB2243283D0000D3F5 /* Main.storyboard */,
				EDA083BE2243283E0000D3F5 /* Assets.xcassets */,
				EDA083C02243283E0000D3F5 /* LaunchScreen.storyboard */,
				EDA083C32243283E0000D3F5 /* Info.plist */,
			);
			path = ClickerMonkey3;
			sourceTree = "<group>";
		};
/* End PBXGroup section */

/* Begin PBXNativeTarget section */
		EDA083B32243283D0000D3F5 /* ClickerMonkey3 */ = {
			isa = PBXNativeTarget;
			buildConfigurationList = EDA083C62243283E0000D3F5 /* Build configuration list for PBXNativeTarget "ClickerMonkey3" */;
			buildPhases = (
				736D152FBAC955D67E45974F /* [CP] Check Pods Manifest.lock */,
				EDA083B02243283D0000D3F5 /* Sources */,
				EDA083B12243283D0000D3F5 /* Frameworks */,
				EDA083B22243283D0000D3F5 /* Resources */,
				22EEC53C4452EE3AB601EE62 /* [CP] Embed Pods Frameworks */,
			);
			buildRules = (
			);
			dependencies = (
			);
			name = ClickerMonkey3;
			productName = ClickerMonkey3;
			productReference = EDA083B42243283D0000D3F5 /* ClickerMonkey3.app */;
			productType = "com.apple.product-type.application";
		};
/* End PBXNativeTarget section */

/* Begin PBXProject section */
		EDA083AC2243283D0000D3F5 /* Project object */ = {
			isa = PBXProject;
			attributes = {
				LastSwiftUpdateCheck = 1010;
				LastUpgradeCheck = 1010;
				ORGANIZATIONNAME = "Steven Blair";
				TargetAttributes = {
					EDA083B32243283D0000D3F5 = {
						CreatedOnToolsVersion = 10.1;
					};
				};
			};
			buildConfigurationList = EDA083AF2243283D0000D3F5 /* Build configuration list for PBXProject "ClickerMonkey3" */;
			compatibilityVersion = "Xcode 9.3";
			developmentRegion = en;
			hasScannedForEncodings = 0;
			knownRegions = (
				en,
				Base,
			);
			mainGroup = EDA083AB2243283D0000D3F5;
			productRefGroup = EDA083B52243283D0000D3F5 /* Products */;
			projectDirPath = "";
			projectRoot = "";
			targets = (
				EDA083B32243283D0000D3F5 /* ClickerMonkey3 */,
			);
		};
/* End PBXProject section */

/* Begin PBXResourcesBuildPhase section */
		EDA083B22243283D0000D3F5 /* Resources */ = {
			isa = PBXResourcesBuildPhase;
			buildActionMask = 2147483647;
			files = (
				571E1006224C62CE00C3B518 /* monkey.png in Resources */,
				571E1008224C635E00C3B518 /* monkeyflip.png in Resources */,
				57904CA1224C5E32007726A0 /* Monkey.sks in Resources */,
				EDA083C22243283E0000D3F5 /* LaunchScreen.storyboard in Resources */,
				EDA083BF2243283E0000D3F5 /* Assets.xcassets in Resources */,
				EDA083BD2243283D0000D3F5 /* Main.storyboard in Resources */,
				ED18061C22517DCB003E34A1 /* GoogleService-Info.plist in Resources */,
			);
			runOnlyForDeploymentPostprocessing = 0;
		};
/* End PBXResourcesBuildPhase section */

/* Begin PBXShellScriptBuildPhase section */
		22EEC53C4452EE3AB601EE62 /* [CP] Embed Pods Frameworks */ = {
			isa = PBXShellScriptBuildPhase;
			buildActionMask = 2147483647;
			files = (
			);
			inputFileListPaths = (
			);
			inputPaths = (
				"${SRCROOT}/Pods/Target Support Files/Pods-ClickerMonkey3/Pods-ClickerMonkey3-frameworks.sh",
				"${BUILT_PRODUCTS_DIR}/GoogleUtilities/GoogleUtilities.framework",
				"${BUILT_PRODUCTS_DIR}/leveldb-library/leveldb.framework",
				"${BUILT_PRODUCTS_DIR}/nanopb/nanopb.framework",
			);
			name = "[CP] Embed Pods Frameworks";
			outputFileListPaths = (
			);
			outputPaths = (
				"${TARGET_BUILD_DIR}/${FRAMEWORKS_FOLDER_PATH}/GoogleUtilities.framework",
				"${TARGET_BUILD_DIR}/${FRAMEWORKS_FOLDER_PATH}/leveldb.framework",
				"${TARGET_BUILD_DIR}/${FRAMEWORKS_FOLDER_PATH}/nanopb.framework",
			);
			runOnlyForDeploymentPostprocessing = 0;
			shellPath = /bin/sh;
			shellScript = "\"${SRCROOT}/Pods/Target Support Files/Pods-ClickerMonkey3/Pods-ClickerMonkey3-frameworks.sh\"\n";
			showEnvVarsInLog = 0;
		};
		736D152FBAC955D67E45974F /* [CP] Check Pods Manifest.lock */ = {
			isa = PBXShellScriptBuildPhase;
			buildActionMask = 2147483647;
			files = (
			);
			inputFileListPaths = (
			);
			inputPaths = (
				"${PODS_PODFILE_DIR_PATH}/Podfile.lock",
				"${PODS_ROOT}/Manifest.lock",
			);
			name = "[CP] Check Pods Manifest.lock";
			outputFileListPaths = (
			);
			outputPaths = (
				"$(DERIVED_FILE_DIR)/Pods-ClickerMonkey3-checkManifestLockResult.txt",
			);
			runOnlyForDeploymentPostprocessing = 0;
			shellPath = /bin/sh;
			shellScript = "diff \"${PODS_PODFILE_DIR_PATH}/Podfile.lock\" \"${PODS_ROOT}/Manifest.lock\" > /dev/null\nif [ $? != 0 ] ; then\n    # print error to STDERR\n    echo \"error: The sandbox is not in sync with the Podfile.lock. Run 'pod install' or update your CocoaPods installation.\" >&2\n    exit 1\nfi\n# This output is used by Xcode 'outputs' to avoid re-running this script phase.\necho \"SUCCESS\" > \"${SCRIPT_OUTPUT_FILE_0}\"\n";
			showEnvVarsInLog = 0;
		};
/* End PBXShellScriptBuildPhase section */

/* Begin PBXSourcesBuildPhase section */
		EDA083B02243283D0000D3F5 /* Sources */ = {
			isa = PBXSourcesBuildPhase;
			buildActionMask = 2147483647;
			files = (
				EDA083BA2243283D0000D3F5 /* ViewController.swift in Sources */,
				571E1004224C601100C3B518 /* File.swift in Sources */,
				EDA083B82243283D0000D3F5 /* AppDelegate.swift in Sources */,
			);
			runOnlyForDeploymentPostprocessing = 0;
		};
/* End PBXSourcesBuildPhase section */

/* Begin PBXVariantGroup section */
		EDA083BB2243283D0000D3F5 /* Main.storyboard */ = {
			isa = PBXVariantGroup;
			children = (
				EDA083BC2243283D0000D3F5 /* Base */,
			);
			name = Main.storyboard;
			sourceTree = "<group>";
		};
		EDA083C02243283E0000D3F5 /* LaunchScreen.storyboard */ = {
			isa = PBXVariantGroup;
			children = (
				EDA083C12243283E0000D3F5 /* Base */,
			);
			name = LaunchScreen.storyboard;
			sourceTree = "<group>";
		};
/* End PBXVariantGroup section */

/* Begin XCBuildConfiguration section */
		EDA083C42243283E0000D3F5 /* Debug */ = {
			isa = XCBuildConfiguration;
			buildSettings = {
				ALWAYS_SEARCH_USER_PATHS = NO;
				CLANG_ANALYZER_NONNULL = YES;
				CLANG_ANALYZER_NUMBER_OBJECT_CONVERSION = YES_AGGRESSIVE;
				CLANG_CXX_LANGUAGE_STANDARD = "gnu++14";
				CLANG_CXX_LIBRARY = "libc++";
				CLANG_ENABLE_MODULES = YES;
				CLANG_ENABLE_OBJC_ARC = YES;
				CLANG_ENABLE_OBJC_WEAK = YES;
				CLANG_WARN_BLOCK_CAPTURE_AUTORELEASING = YES;
				CLANG_WARN_BOOL_CONVERSION = YES;
				CLANG_WARN_COMMA = YES;
				CLANG_WARN_CONSTANT_CONVERSION = YES;
				CLANG_WARN_DEPRECATED_OBJC_IMPLEMENTATIONS = YES;
				CLANG_WARN_DIRECT_OBJC_ISA_USAGE = YES_ERROR;
				CLANG_WARN_DOCUMENTATION_COMMENTS = YES;
				CLANG_WARN_EMPTY_BODY = YES;
				CLANG_WARN_ENUM_CONVERSION = YES;
				CLANG_WARN_INFINITE_RECURSION = YES;
				CLANG_WARN_INT_CONVERSION = YES;
				CLANG_WARN_NON_LITERAL_NULL_CONVERSION = YES;
				CLANG_WARN_OBJC_IMPLICIT_RETAIN_SELF = YES;
				CLANG_WARN_OBJC_LITERAL_CONVERSION = YES;
				CLANG_WARN_OBJC_ROOT_CLASS = YES_ERROR;
				CLANG_WARN_RANGE_LOOP_ANALYSIS = YES;
				CLANG_WARN_STRICT_PROTOTYPES = YES;
				CLANG_WARN_SUSPICIOUS_MOVE = YES;
				CLANG_WARN_UNGUARDED_AVAILABILITY = YES_AGGRESSIVE;
				CLANG_WARN_UNREACHABLE_CODE = YES;
				CLANG_WARN__DUPLICATE_METHOD_MATCH = YES;
				CODE_SIGN_IDENTITY = "iPhone Developer";
				COPY_PHASE_STRIP = NO;
				DEBUG_INFORMATION_FORMAT = dwarf;
				ENABLE_STRICT_OBJC_MSGSEND = YES;
				ENABLE_TESTABILITY = YES;
				GCC_C_LANGUAGE_STANDARD = gnu11;
				GCC_DYNAMIC_NO_PIC = NO;
				GCC_NO_COMMON_BLOCKS = YES;
				GCC_OPTIMIZATION_LEVEL = 0;
				GCC_PREPROCESSOR_DEFINITIONS = (
					"DEBUG=1",
					"$(inherited)",
				);
				GCC_WARN_64_TO_32_BIT_CONVERSION = YES;
				GCC_WARN_ABOUT_RETURN_TYPE = YES_ERROR;
				GCC_WARN_UNDECLARED_SELECTOR = YES;
				GCC_WARN_UNINITIALIZED_AUTOS = YES_AGGRESSIVE;
				GCC_WARN_UNUSED_FUNCTION = YES;
				GCC_WARN_UNUSED_VARIABLE = YES;
				IPHONEOS_DEPLOYMENT_TARGET = 12.1;
				MTL_ENABLE_DEBUG_INFO = INCLUDE_SOURCE;
				MTL_FAST_MATH = YES;
				ONLY_ACTIVE_ARCH = YES;
				SDKROOT = iphoneos;
				SWIFT_ACTIVE_COMPILATION_CONDITIONS = DEBUG;
				SWIFT_OPTIMIZATION_LEVEL = "-Onone";
			};
			name = Debug;
		};
		EDA083C52243283E0000D3F5 /* Release */ = {
			isa = XCBuildConfiguration;
			buildSettings = {
				ALWAYS_SEARCH_USER_PATHS = NO;
				CLANG_ANALYZER_NONNULL = YES;
				CLANG_ANALYZER_NUMBER_OBJECT_CONVERSION = YES_AGGRESSIVE;
				CLANG_CXX_LANGUAGE_STANDARD = "gnu++14";
				CLANG_CXX_LIBRARY = "libc++";
				CLANG_ENABLE_MODULES = YES;
				CLANG_ENABLE_OBJC_ARC = YES;
				CLANG_ENABLE_OBJC_WEAK = YES;
				CLANG_WARN_BLOCK_CAPTURE_AUTORELEASING = YES;
				CLANG_WARN_BOOL_CONVERSION = YES;
				CLANG_WARN_COMMA = YES;
				CLANG_WARN_CONSTANT_CONVERSION = YES;
				CLANG_WARN_DEPRECATED_OBJC_IMPLEMENTATIONS = YES;
				CLANG_WARN_DIRECT_OBJC_ISA_USAGE = YES_ERROR;
				CLANG_WARN_DOCUMENTATION_COMMENTS = YES;
				CLANG_WARN_EMPTY_BODY = YES;
				CLANG_WARN_ENUM_CONVERSION = YES;
				CLANG_WARN_INFINITE_RECURSION = YES;
				CLANG_WARN_INT_CONVERSION = YES;
				CLANG_WARN_NON_LITERAL_NULL_CONVERSION = YES;
				CLANG_WARN_OBJC_IMPLICIT_RETAIN_SELF = YES;
				CLANG_WARN_OBJC_LITERAL_CONVERSION = YES;
				CLANG_WARN_OBJC_ROOT_CLASS = YES_ERROR;
				CLANG_WARN_RANGE_LOOP_ANALYSIS = YES;
				CLANG_WARN_STRICT_PROTOTYPES = YES;
				CLANG_WARN_SUSPICIOUS_MOVE = YES;
				CLANG_WARN_UNGUARDED_AVAILABILITY = YES_AGGRESSIVE;
				CLANG_WARN_UNREACHABLE_CODE = YES;
				CLANG_WARN__DUPLICATE_METHOD_MATCH = YES;
				CODE_SIGN_IDENTITY = "iPhone Developer";
				COPY_PHASE_STRIP = NO;
				DEBUG_INFORMATION_FORMAT = "dwarf-with-dsym";
				ENABLE_NS_ASSERTIONS = NO;
				ENABLE_STRICT_OBJC_MSGSEND = YES;
				GCC_C_LANGUAGE_STANDARD = gnu11;
				GCC_NO_COMMON_BLOCKS = YES;
				GCC_WARN_64_TO_32_BIT_CONVERSION = YES;
				GCC_WARN_ABOUT_RETURN_TYPE = YES_ERROR;
				GCC_WARN_UNDECLARED_SELECTOR = YES;
				GCC_WARN_UNINITIALIZED_AUTOS = YES_AGGRESSIVE;
				GCC_WARN_UNUSED_FUNCTION = YES;
				GCC_WARN_UNUSED_VARIABLE = YES;
				IPHONEOS_DEPLOYMENT_TARGET = 12.1;
				MTL_ENABLE_DEBUG_INFO = NO;
				MTL_FAST_MATH = YES;
				SDKROOT = iphoneos;
				SWIFT_COMPILATION_MODE = wholemodule;
				SWIFT_OPTIMIZATION_LEVEL = "-O";
				VALIDATE_PRODUCT = YES;
			};
			name = Release;
		};
		EDA083C72243283E0000D3F5 /* Debug */ = {
			isa = XCBuildConfiguration;
			baseConfigurationReference = 158DF5E73B53EEF0FDBEAC33 /* Pods-ClickerMonkey3.debug.xcconfig */;
			buildSettings = {
				ASSETCATALOG_COMPILER_APPICON_NAME = AppIcon;
				CODE_SIGN_STYLE = Automatic;
				DEVELOPMENT_TEAM = 4PY254CLJT;
				INFOPLIST_FILE = ClickerMonkey3/Info.plist;
				LD_RUNPATH_SEARCH_PATHS = (
					"$(inherited)",
					"@executable_path/Frameworks",
				);
				PRODUCT_BUNDLE_IDENTIFIER = blair.steven.ClickerMonkey3;
				PRODUCT_NAME = "$(TARGET_NAME)";
				SWIFT_VERSION = 4.2;
				TARGETED_DEVICE_FAMILY = "1,2";
			};
			name = Debug;
		};
		EDA083C82243283E0000D3F5 /* Release */ = {
			isa = XCBuildConfiguration;
			baseConfigurationReference = 2763824BBC69F6FA6B4E1284 /* Pods-ClickerMonkey3.release.xcconfig */;
			buildSettings = {
				ASSETCATALOG_COMPILER_APPICON_NAME = AppIcon;
				CODE_SIGN_STYLE = Automatic;
				DEVELOPMENT_TEAM = 4PY254CLJT;
				INFOPLIST_FILE = ClickerMonkey3/Info.plist;
				LD_RUNPATH_SEARCH_PATHS = (
					"$(inherited)",
					"@executable_path/Frameworks",
				);
				PRODUCT_BUNDLE_IDENTIFIER = blair.steven.ClickerMonkey3;
				PRODUCT_NAME = "$(TARGET_NAME)";
				SWIFT_VERSION = 4.2;
				TARGETED_DEVICE_FAMILY = "1,2";
			};
			name = Release;
		};
/* End XCBuildConfiguration section */

/* Begin XCConfigurationList section */
		EDA083AF2243283D0000D3F5 /* Build configuration list for PBXProject "ClickerMonkey3" */ = {
			isa = XCConfigurationList;
			buildConfigurations = (
				EDA083C42243283E0000D3F5 /* Debug */,
				EDA083C52243283E0000D3F5 /* Release */,
			);
			defaultConfigurationIsVisible = 0;
			defaultConfigurationName = Release;
		};
		EDA083C62243283E0000D3F5 /* Build configuration list for PBXNativeTarget "ClickerMonkey3" */ = {
			isa = XCConfigurationList;
			buildConfigurations = (
				EDA083C72243283E0000D3F5 /* Debug */,
				EDA083C82243283E0000D3F5 /* Release */,
			);
			defaultConfigurationIsVisible = 0;
			defaultConfigurationName = Release;
		};
/* End XCConfigurationList section */
	};
	rootObject = EDA083AC2243283D0000D3F5 /* Project object */;
}
